<?xml version="1.0" encoding="utf-8"?>
<Project ToolsVersion="4.0" xmlns="http://schemas.microsoft.com/developer/msbuild/2003">
  <ItemGroup>
    <Filter Include="Source Files">
      <UniqueIdentifier>{4FC737F1-C7A5-4376-A066-2A32D752A2FF}</UniqueIdentifier>
      <Extensions>cpp;c;cc;cxx;c++;cppm;ixx;def;odl;idl;hpj;bat;asm;asmx</Extensions>
    </Filter>
    <Filter Include="Utils">
      <UniqueIdentifier>{aa06f14c-0f17-46e4-93f7-0ed645c7a3db}</UniqueIdentifier>
    </Filter>
    <Filter Include="Graph">
      <UniqueIdentifier>{efa70e85-ebe6-4fa2-a39b-f13cea1bc425}</UniqueIdentifier>
    </Filter>
    <Filter Include="Graph\Representation">
      <UniqueIdentifier>{f5602480-a4d5-4a50-a47a-12eb0e795c40}</UniqueIdentifier>
    </Filter>
  </ItemGroup>
  <ItemGroup>
    <ClCompile Include="Source.cpp">
      <Filter>Source Files</Filter>
    </ClCompile>
    <ClCompile Include="Matrix.hpp">
      <Filter>Graph</Filter>
    </ClCompile>
    <ClCompile Include="Graph.cpp">
      <Filter>Graph</Filter>
    </ClCompile>
    <ClCompile Include="GraphAsMatrix.cpp">
      <Filter>Graph\Representation</Filter>
    </ClCompile>
  </ItemGroup>
  <ItemGroup>
    <ClInclude Include="LinkedList.hpp">
      <Filter>Utils</Filter>
    </ClInclude>
    <ClInclude Include="Node.hpp">
      <Filter>Utils</Filter>
    </ClInclude>
    <ClInclude Include="Graph.h">
      <Filter>Graph</Filter>
    </ClInclude>
    <ClInclude Include="IGraphOperation.h">
      <Filter>Graph</Filter>
    </ClInclude>
  </ItemGroup>
</Project>